
Microsoft Visual Studio Solution File, Format Version 12.00
# Visual Studio Version 17
VisualStudioVersion = 17.10.34916.146
MinimumVisualStudioVersion = 10.0.40219.1
Project("{FAE04EC0-301F-11D3-BF4B-00C04F79EFBC}") = "AutoSoluciones.Examen1", "AutoSoluciones.Examen1.csproj", "{ED8AAFC1-93E8-4388-B611-BBD650AB9068}"
EndProject
Project("{FAE04EC0-301F-11D3-BF4B-00C04F79EFBC}") = "Examen_PrograII", "..\Examen_PrograII\Examen_PrograII.csproj", "{DA259DFD-6042-4869-99B6-01EAA067C09B}"
EndProject
Global
	GlobalSection(SolutionConfigurationPlatforms) = preSolution
		Debug|Any CPU = Debug|Any CPU
		Release|Any CPU = Release|Any CPU
	EndGlobalSection
	GlobalSection(ProjectConfigurationPlatforms) = postSolution
		{ED8AAFC1-93E8-4388-B611-BBD650AB9068}.Debug|Any CPU.ActiveCfg = Debug|Any CPU
		{ED8AAFC1-93E8-4388-B611-BBD650AB9068}.Debug|Any CPU.Build.0 = Debug|Any CPU
		{ED8AAFC1-93E8-4388-B611-BBD650AB9068}.Release|Any CPU.ActiveCfg = Release|Any CPU
		{ED8AAFC1-93E8-4388-B611-BBD650AB9068}.Release|Any CPU.Build.0 = Release|Any CPU
		{DA259DFD-6042-4869-99B6-01EAA067C09B}.Debug|Any CPU.ActiveCfg = Debug|Any CPU
		{DA259DFD-6042-4869-99B6-01EAA067C09B}.Debug|Any CPU.Build.0 = Debug|Any CPU
		{DA259DFD-6042-4869-99B6-01EAA067C09B}.Release|Any CPU.ActiveCfg = Release|Any CPU
		{DA259DFD-6042-4869-99B6-01EAA067C09B}.Release|Any CPU.Build.0 = Release|Any CPU
	EndGlobalSection
	GlobalSection(SolutionProperties) = preSolution
		HideSolutionNode = FALSE
	EndGlobalSection
	GlobalSection(ExtensibilityGlobals) = postSolution
		SolutionGuid = {A4A3166B-A430-412E-9C43-37D266CC6FFA}
	EndGlobalSection
EndGlobal
